# auto-generated by grc.converter

id: radar_estimator_fsk
label: Estimator FSK
category: '[RADAR]/Estimators'

parameters:
-   id: center_freq
    label: Center frequency
    dtype: float
-   id: delta_freq
    label: Delta frequency
    dtype: float
-   id: push_power
    label: Push through power of peaks
    dtype: bool
    default: 'False'
    options: ['True', 'False']

inputs:
-   domain: message
    id: Msg in
    optional: true

outputs:
-   domain: message
    id: Msg out
    optional: true

templates:
    imports: import radar
    make: radar.estimator_fsk(${center_freq}, ${delta_freq}, ${push_power})

file_format: 1
