# auto-generated by grc.converter

id: radar_estimator_fmcw
label: Estimator FMCW
category: '[RADAR]/Estimators'

parameters:
-   id: samp_rate
    label: Sample rate
    dtype: int
-   id: center_freq
    label: Center frequency
    dtype: float
-   id: sweep_freq
    label: Sweep frequency
    dtype: float
-   id: samp_up
    label: Samples up-chirp
    dtype: int
-   id: samp_down
    label: Samples down-chirp
    dtype: int
-   id: push_power
    label: Push through power of peaks
    dtype: bool
    default: 'False'
    options: ['True', 'False']

inputs:
-   domain: message
    id: Msg in CW
    optional: true
-   domain: message
    id: Msg in UP
    optional: true
-   domain: message
    id: Msg in DOWN
    optional: true

outputs:
-   domain: message
    id: Msg out
    optional: true

templates:
    imports: import radar
    make: radar.estimator_fmcw(${samp_rate}, ${center_freq}, ${sweep_freq}, ${samp_up},
        ${samp_down}, ${push_power})

file_format: 1
