# auto-generated by grc.converter

id: radar_qtgui_scatter_plot
label: QT GUI Scatter Plot
category: '[RADAR]/GUI'

parameters:
-   id: interval
    label: Update interval [ms]
    dtype: int
-   id: label_x
    label: Label x
    dtype: string
-   id: label_y
    label: Label y
    dtype: string
-   id: axis_x
    label: Axis x
    dtype: real_vector
-   id: axis_y
    label: Axis y
    dtype: real_vector
-   id: label
    label: Label title
    dtype: string

inputs:
-   domain: message
    id: Msg in
    optional: true

templates:
    imports: import radar
    make: radar.qtgui_scatter_plot(${interval}, ${label_x}, ${label_y}, ${axis_x},
        ${axis_y}, ${label})

file_format: 1
