# auto-generated by grc.converter

id: radar_os_cfar_2d_vc
label: OS-CFAR 2D
category: '[RADAR]/RADAR'

parameters:
-   id: vlen
    label: Input vector length
    dtype: int
    hide: ${ 'part' if vlen == 1 else 'none' }
-   id: samp_compare
    label: Compare samples
    dtype: int_vector
-   id: samp_protect
    label: Protected samples
    dtype: int_vector
-   id: rel_threshold
    label: Relative threshold
    dtype: float
-   id: mult_threshold
    label: Multiplier threshold
    dtype: float
-   id: len_key
    label: Packet length key
    dtype: string
    default: '"packet_len"'

inputs:
-   label: IQ in
    domain: stream
    dtype: complex
    vlen: ${ vlen }

outputs:
-   domain: message
    id: Msg out
    optional: true

templates:
    imports: import radar
    make: radar.os_cfar_2d_vc(${vlen}, ${samp_compare}, ${samp_protect}, ${rel_threshold},
        ${mult_threshold}, ${len_key})
    callbacks:
    - set_rel_threshold(${rel_threshold})
    - set_mult_threshold(${mult_threshold})
    - set_samp_compare(${samp_compare})
    - set_samp_protect(${samp_protect})

file_format: 1
