# auto-generated by grc.converter

id: radar_crop_matrix_vcvc
label: Matrix Crop
category: '[RADAR]/Tools'

parameters:
-   id: vlen
    label: Vector length
    dtype: int
    hide: ${ 'part' if vlen == 1 else 'none' }
-   id: crop_x
    label: Crop x
    dtype: int_vector
    hide: ${ 'part' if vlen == 1 else 'none' }
-   id: crop_y
    label: Crop y
    dtype: int_vector
-   id: len_key
    label: Packet length key
    dtype: string
    default: '"packet_len"'

inputs:
-   label: IQ in
    domain: stream
    dtype: complex
    vlen: ${ vlen }

outputs:
-   label: IQ out
    domain: stream
    dtype: complex
    vlen: ${ (crop_x)[1]-(crop_x)[0] }

templates:
    imports: import radar
    make: radar.crop_matrix_vcvc(${vlen}, ${crop_x}, ${crop_y}, ${len_key})

file_format: 1
